{
  "pins" : [
    {
      "identity" : "wwfloatingactionbutton",
      "kind" : "remoteSourceControl",
      "location" : "https://github.com/William-Weng/WWFloatingActionButton.git",
      "state" : {
        "revision" : "c43d8c3cc21408b60b74a1718469c908cdc5810d",
        "version" : "1.2.1"
      }
    }
  ],
  "version" : 2
}
