{
  "pins" : [
    {
      "identity" : "@wwfloatingactionbutton",
      "kind" : "localSourceControl",
      "location" : "/Users/ios/Desktop/@WWFloatingActionButton",
      "state" : {
        "revision" : "e7ad21b7191d255d865678cf6bcb1699cf93de62",
        "version" : "1.2.6"
      }
    }
  ],
  "version" : 2
}
