{
  "pins" : [
    {
      "identity" : "wwfloatingactionbutton",
      "kind" : "remoteSourceControl",
      "location" : "https://github.com/William-Weng/WWFloatingActionButton.git",
      "state" : {
        "revision" : "84a0a9438850d9a52411eb57bda45f940a3cf95b",
        "version" : "1.2.2"
      }
    }
  ],
  "version" : 2
}
